
Microsoft Visual Studio Solution File, Format Version 12.00
# Visual Studio Version 17
VisualStudioVersion = 17.0.31903.59
MinimumVisualStudioVersion = 10.0.40219.1
Project("{9A19103F-16F7-4668-BE54-9A1E7A4F7556}") = "GC.Authentication.ActiveDirectory", "GC.Authentication.ActiveDirectory\GC.Authentication.ActiveDirectory.csproj", "{A3C908DA-092F-4BEF-9A97-933A96061E64}"
EndProject
Project("{9A19103F-16F7-4668-BE54-9A1E7A4F7556}") = "GC.Authentication.UI", "GC.Authentication.UI\GC.Authentication.UI.csproj", "{4D7E7AAF-83FD-4355-A89E-243C293499FA}"
EndProject
Project("{9A19103F-16F7-4668-BE54-9A1E7A4F7556}") = "GC.Utils.UI", "GC.Utils.UI\GC.Utils.UI.csproj", "{AA9B15B9-43C2-4650-A471-146918597390}"
EndProject
Project("{9A19103F-16F7-4668-BE54-9A1E7A4F7556}") = "Test.Repo", "Test.Repo\Test.Repo.csproj", "{A0A45545-CBA1-40C0-957A-31FC057B8C4E}"
EndProject
Project("{9A19103F-16F7-4668-BE54-9A1E7A4F7556}") = "Test.Repo.UI", "Test.Repo.UI\Test.Repo.UI.csproj", "{9795501B-DC76-4D8E-8372-9D8E371D8C39}"
EndProject
Project("{9A19103F-16F7-4668-BE54-9A1E7A4F7556}") = "GC.Blazor", "GC.Blazor\GC.Blazor.csproj", "{930C0B84-5F22-4E23-AA6C-31B255F6A44C}"
EndProject
Global
	GlobalSection(SolutionConfigurationPlatforms) = preSolution
		Debug|Any CPU = Debug|Any CPU
		Release|Any CPU = Release|Any CPU
	EndGlobalSection
	GlobalSection(ProjectConfigurationPlatforms) = postSolution
		{A3C908DA-092F-4BEF-9A97-933A96061E64}.Debug|Any CPU.ActiveCfg = Debug|Any CPU
		{A3C908DA-092F-4BEF-9A97-933A96061E64}.Debug|Any CPU.Build.0 = Debug|Any CPU
		{A3C908DA-092F-4BEF-9A97-933A96061E64}.Release|Any CPU.ActiveCfg = Release|Any CPU
		{A3C908DA-092F-4BEF-9A97-933A96061E64}.Release|Any CPU.Build.0 = Release|Any CPU
		{4D7E7AAF-83FD-4355-A89E-243C293499FA}.Debug|Any CPU.ActiveCfg = Debug|Any CPU
		{4D7E7AAF-83FD-4355-A89E-243C293499FA}.Debug|Any CPU.Build.0 = Debug|Any CPU
		{4D7E7AAF-83FD-4355-A89E-243C293499FA}.Release|Any CPU.ActiveCfg = Release|Any CPU
		{4D7E7AAF-83FD-4355-A89E-243C293499FA}.Release|Any CPU.Build.0 = Release|Any CPU
		{AA9B15B9-43C2-4650-A471-146918597390}.Debug|Any CPU.ActiveCfg = Debug|Any CPU
		{AA9B15B9-43C2-4650-A471-146918597390}.Debug|Any CPU.Build.0 = Debug|Any CPU
		{AA9B15B9-43C2-4650-A471-146918597390}.Release|Any CPU.ActiveCfg = Release|Any CPU
		{AA9B15B9-43C2-4650-A471-146918597390}.Release|Any CPU.Build.0 = Release|Any CPU
		{A0A45545-CBA1-40C0-957A-31FC057B8C4E}.Debug|Any CPU.ActiveCfg = Debug|Any CPU
		{A0A45545-CBA1-40C0-957A-31FC057B8C4E}.Debug|Any CPU.Build.0 = Debug|Any CPU
		{A0A45545-CBA1-40C0-957A-31FC057B8C4E}.Release|Any CPU.ActiveCfg = Release|Any CPU
		{A0A45545-CBA1-40C0-957A-31FC057B8C4E}.Release|Any CPU.Build.0 = Release|Any CPU
		{9795501B-DC76-4D8E-8372-9D8E371D8C39}.Debug|Any CPU.ActiveCfg = Debug|Any CPU
		{9795501B-DC76-4D8E-8372-9D8E371D8C39}.Debug|Any CPU.Build.0 = Debug|Any CPU
		{9795501B-DC76-4D8E-8372-9D8E371D8C39}.Release|Any CPU.ActiveCfg = Release|Any CPU
		{9795501B-DC76-4D8E-8372-9D8E371D8C39}.Release|Any CPU.Build.0 = Release|Any CPU
		{930C0B84-5F22-4E23-AA6C-31B255F6A44C}.Debug|Any CPU.ActiveCfg = Debug|Any CPU
		{930C0B84-5F22-4E23-AA6C-31B255F6A44C}.Debug|Any CPU.Build.0 = Debug|Any CPU
		{930C0B84-5F22-4E23-AA6C-31B255F6A44C}.Release|Any CPU.ActiveCfg = Release|Any CPU
		{930C0B84-5F22-4E23-AA6C-31B255F6A44C}.Release|Any CPU.Build.0 = Release|Any CPU
	EndGlobalSection
	GlobalSection(SolutionProperties) = preSolution
		HideSolutionNode = FALSE
	EndGlobalSection
EndGlobal
