
Microsoft Visual Studio Solution File, Format Version 12.00
# Visual Studio Version 17
VisualStudioVersion = 17.0.31903.59
MinimumVisualStudioVersion = 10.0.40219.1
Project("{9A19103F-16F7-4668-BE54-9A1E7A4F7556}") = "GKit.Authentication.ActiveDirectory", "GKit.Authentication.ActiveDirectory\GKit.Authentication.ActiveDirectory.csproj", "{A3C908DA-092F-4BEF-9A97-933A96061E64}"
EndProject
Project("{9A19103F-16F7-4668-BE54-9A1E7A4F7556}") = "Test.Repo", "Test.Repo\Test.Repo.csproj", "{A0A45545-CBA1-40C0-957A-31FC057B8C4E}"
EndProject
Project("{9A19103F-16F7-4668-BE54-9A1E7A4F7556}") = "Test.Repo.UI", "Test.Repo.UI\Test.Repo.UI.csproj", "{9795501B-DC76-4D8E-8372-9D8E371D8C39}"
EndProject
Project("{9A19103F-16F7-4668-BE54-9A1E7A4F7556}") = "GKit.BlazorExt", "GKit.BlazorExt\GKit.BlazorExt.csproj", "{930C0B84-5F22-4E23-AA6C-31B255F6A44C}"
EndProject
Project("{FAE04EC0-301F-11D3-BF4B-00C04F79EFBC}") = "GKit.Reporting", "GKit.Reporting\GKit.Reporting.csproj", "{AC62F0DE-C054-4743-8D14-519AE771E232}"
EndProject
Project("{FAE04EC0-301F-11D3-BF4B-00C04F79EFBC}") = "GKit.Authentication.Blazor", "GKit.Authentication.Blazor\GKit.Authentication.Blazor.csproj", "{8604F6CC-C4E1-4C2F-9EC4-BB71D113071D}"
EndProject
Project("{FAE04EC0-301F-11D3-BF4B-00C04F79EFBC}") = "GKit.MudBlazorExt", "GKit.MudBlazorExt\GKit.MudBlazorExt.csproj", "{7CAEA978-C6C7-4D31-92EE-1F80C3748A15}"
EndProject
Project("{FAE04EC0-301F-11D3-BF4B-00C04F79EFBC}") = "GKit.EntityFramework", "GKit.EntityFramework\GKit.EntityFramework.csproj", "{E82041E7-4AED-4534-8C1B-55BA0C6A6C0B}"
EndProject
Project("{FAE04EC0-301F-11D3-BF4B-00C04F79EFBC}") = "GKit.DbMigration", "GKit.DbMigration\GKit.DbMigration.csproj", "{C93C62AB-F7B2-4946-892B-A15FF7759103}"
EndProject
Project("{FAE04EC0-301F-11D3-BF4B-00C04F79EFBC}") = "GKit.Application", "GKit.Application\GKit.Application.csproj", "{B51FE7B2-4BC4-41FD-9308-C562079563A4}"
EndProject
Project("{FAE04EC0-301F-11D3-BF4B-00C04F79EFBC}") = "GKit.Pdf", "GKit.Pdf\GKit.Pdf.csproj", "{15E24CB0-A542-4199-A15C-03E3A5238ABE}"
EndProject
Project("{FAE04EC0-301F-11D3-BF4B-00C04F79EFBC}") = "GKit.OpcUa", "GKit.OpcUa\GKit.OpcUa.csproj", "{ADDD0731-D568-48B1-BB2D-7BCA252F1FB3}"
EndProject
Project("{FAE04EC0-301F-11D3-BF4B-00C04F79EFBC}") = "GKit.Quartz", "GKit.Quartz\GKit.Quartz.csproj", "{26D855EE-C63B-460E-BC52-D6DC3D54FF0C}"
EndProject
Project("{FAE04EC0-301F-11D3-BF4B-00C04F79EFBC}") = "GKit.Settings", "GKit.Settings\GKit.Settings.csproj", "{93C2E46B-0672-4A1C-B2CF-F98947D46694}"
EndProject
Global
	GlobalSection(SolutionConfigurationPlatforms) = preSolution
		Debug|Any CPU = Debug|Any CPU
		Debug|x64 = Debug|x64
		Debug|x86 = Debug|x86
		Release|Any CPU = Release|Any CPU
		Release|x64 = Release|x64
		Release|x86 = Release|x86
	EndGlobalSection
	GlobalSection(ProjectConfigurationPlatforms) = postSolution
		{A3C908DA-092F-4BEF-9A97-933A96061E64}.Debug|Any CPU.ActiveCfg = Debug|Any CPU
		{A3C908DA-092F-4BEF-9A97-933A96061E64}.Debug|Any CPU.Build.0 = Debug|Any CPU
		{A3C908DA-092F-4BEF-9A97-933A96061E64}.Debug|x64.ActiveCfg = Debug|Any CPU
		{A3C908DA-092F-4BEF-9A97-933A96061E64}.Debug|x64.Build.0 = Debug|Any CPU
		{A3C908DA-092F-4BEF-9A97-933A96061E64}.Debug|x86.ActiveCfg = Debug|Any CPU
		{A3C908DA-092F-4BEF-9A97-933A96061E64}.Debug|x86.Build.0 = Debug|Any CPU
		{A3C908DA-092F-4BEF-9A97-933A96061E64}.Release|Any CPU.ActiveCfg = Release|Any CPU
		{A3C908DA-092F-4BEF-9A97-933A96061E64}.Release|Any CPU.Build.0 = Release|Any CPU
		{A3C908DA-092F-4BEF-9A97-933A96061E64}.Release|x64.ActiveCfg = Release|Any CPU
		{A3C908DA-092F-4BEF-9A97-933A96061E64}.Release|x64.Build.0 = Release|Any CPU
		{A3C908DA-092F-4BEF-9A97-933A96061E64}.Release|x86.ActiveCfg = Release|Any CPU
		{A3C908DA-092F-4BEF-9A97-933A96061E64}.Release|x86.Build.0 = Release|Any CPU
		{A0A45545-CBA1-40C0-957A-31FC057B8C4E}.Debug|Any CPU.ActiveCfg = Debug|Any CPU
		{A0A45545-CBA1-40C0-957A-31FC057B8C4E}.Debug|Any CPU.Build.0 = Debug|Any CPU
		{A0A45545-CBA1-40C0-957A-31FC057B8C4E}.Debug|x64.ActiveCfg = Debug|Any CPU
		{A0A45545-CBA1-40C0-957A-31FC057B8C4E}.Debug|x64.Build.0 = Debug|Any CPU
		{A0A45545-CBA1-40C0-957A-31FC057B8C4E}.Debug|x86.ActiveCfg = Debug|Any CPU
		{A0A45545-CBA1-40C0-957A-31FC057B8C4E}.Debug|x86.Build.0 = Debug|Any CPU
		{A0A45545-CBA1-40C0-957A-31FC057B8C4E}.Release|Any CPU.ActiveCfg = Release|Any CPU
		{A0A45545-CBA1-40C0-957A-31FC057B8C4E}.Release|Any CPU.Build.0 = Release|Any CPU
		{A0A45545-CBA1-40C0-957A-31FC057B8C4E}.Release|x64.ActiveCfg = Release|Any CPU
		{A0A45545-CBA1-40C0-957A-31FC057B8C4E}.Release|x64.Build.0 = Release|Any CPU
		{A0A45545-CBA1-40C0-957A-31FC057B8C4E}.Release|x86.ActiveCfg = Release|Any CPU
		{A0A45545-CBA1-40C0-957A-31FC057B8C4E}.Release|x86.Build.0 = Release|Any CPU
		{9795501B-DC76-4D8E-8372-9D8E371D8C39}.Debug|Any CPU.ActiveCfg = Debug|Any CPU
		{9795501B-DC76-4D8E-8372-9D8E371D8C39}.Debug|Any CPU.Build.0 = Debug|Any CPU
		{9795501B-DC76-4D8E-8372-9D8E371D8C39}.Debug|x64.ActiveCfg = Debug|Any CPU
		{9795501B-DC76-4D8E-8372-9D8E371D8C39}.Debug|x64.Build.0 = Debug|Any CPU
		{9795501B-DC76-4D8E-8372-9D8E371D8C39}.Debug|x86.ActiveCfg = Debug|Any CPU
		{9795501B-DC76-4D8E-8372-9D8E371D8C39}.Debug|x86.Build.0 = Debug|Any CPU
		{9795501B-DC76-4D8E-8372-9D8E371D8C39}.Release|Any CPU.ActiveCfg = Release|Any CPU
		{9795501B-DC76-4D8E-8372-9D8E371D8C39}.Release|Any CPU.Build.0 = Release|Any CPU
		{9795501B-DC76-4D8E-8372-9D8E371D8C39}.Release|x64.ActiveCfg = Release|Any CPU
		{9795501B-DC76-4D8E-8372-9D8E371D8C39}.Release|x64.Build.0 = Release|Any CPU
		{9795501B-DC76-4D8E-8372-9D8E371D8C39}.Release|x86.ActiveCfg = Release|Any CPU
		{9795501B-DC76-4D8E-8372-9D8E371D8C39}.Release|x86.Build.0 = Release|Any CPU
		{930C0B84-5F22-4E23-AA6C-31B255F6A44C}.Debug|Any CPU.ActiveCfg = Debug|Any CPU
		{930C0B84-5F22-4E23-AA6C-31B255F6A44C}.Debug|Any CPU.Build.0 = Debug|Any CPU
		{930C0B84-5F22-4E23-AA6C-31B255F6A44C}.Debug|x64.ActiveCfg = Debug|Any CPU
		{930C0B84-5F22-4E23-AA6C-31B255F6A44C}.Debug|x64.Build.0 = Debug|Any CPU
		{930C0B84-5F22-4E23-AA6C-31B255F6A44C}.Debug|x86.ActiveCfg = Debug|Any CPU
		{930C0B84-5F22-4E23-AA6C-31B255F6A44C}.Debug|x86.Build.0 = Debug|Any CPU
		{930C0B84-5F22-4E23-AA6C-31B255F6A44C}.Release|Any CPU.ActiveCfg = Release|Any CPU
		{930C0B84-5F22-4E23-AA6C-31B255F6A44C}.Release|Any CPU.Build.0 = Release|Any CPU
		{930C0B84-5F22-4E23-AA6C-31B255F6A44C}.Release|x64.ActiveCfg = Release|Any CPU
		{930C0B84-5F22-4E23-AA6C-31B255F6A44C}.Release|x64.Build.0 = Release|Any CPU
		{930C0B84-5F22-4E23-AA6C-31B255F6A44C}.Release|x86.ActiveCfg = Release|Any CPU
		{930C0B84-5F22-4E23-AA6C-31B255F6A44C}.Release|x86.Build.0 = Release|Any CPU
		{AC62F0DE-C054-4743-8D14-519AE771E232}.Debug|Any CPU.ActiveCfg = Debug|Any CPU
		{AC62F0DE-C054-4743-8D14-519AE771E232}.Debug|Any CPU.Build.0 = Debug|Any CPU
		{AC62F0DE-C054-4743-8D14-519AE771E232}.Debug|x64.ActiveCfg = Debug|Any CPU
		{AC62F0DE-C054-4743-8D14-519AE771E232}.Debug|x64.Build.0 = Debug|Any CPU
		{AC62F0DE-C054-4743-8D14-519AE771E232}.Debug|x86.ActiveCfg = Debug|Any CPU
		{AC62F0DE-C054-4743-8D14-519AE771E232}.Debug|x86.Build.0 = Debug|Any CPU
		{AC62F0DE-C054-4743-8D14-519AE771E232}.Release|Any CPU.ActiveCfg = Release|Any CPU
		{AC62F0DE-C054-4743-8D14-519AE771E232}.Release|Any CPU.Build.0 = Release|Any CPU
		{AC62F0DE-C054-4743-8D14-519AE771E232}.Release|x64.ActiveCfg = Release|Any CPU
		{AC62F0DE-C054-4743-8D14-519AE771E232}.Release|x64.Build.0 = Release|Any CPU
		{AC62F0DE-C054-4743-8D14-519AE771E232}.Release|x86.ActiveCfg = Release|Any CPU
		{AC62F0DE-C054-4743-8D14-519AE771E232}.Release|x86.Build.0 = Release|Any CPU
		{8604F6CC-C4E1-4C2F-9EC4-BB71D113071D}.Debug|Any CPU.ActiveCfg = Debug|Any CPU
		{8604F6CC-C4E1-4C2F-9EC4-BB71D113071D}.Debug|Any CPU.Build.0 = Debug|Any CPU
		{8604F6CC-C4E1-4C2F-9EC4-BB71D113071D}.Debug|x64.ActiveCfg = Debug|Any CPU
		{8604F6CC-C4E1-4C2F-9EC4-BB71D113071D}.Debug|x64.Build.0 = Debug|Any CPU
		{8604F6CC-C4E1-4C2F-9EC4-BB71D113071D}.Debug|x86.ActiveCfg = Debug|Any CPU
		{8604F6CC-C4E1-4C2F-9EC4-BB71D113071D}.Debug|x86.Build.0 = Debug|Any CPU
		{8604F6CC-C4E1-4C2F-9EC4-BB71D113071D}.Release|Any CPU.ActiveCfg = Release|Any CPU
		{8604F6CC-C4E1-4C2F-9EC4-BB71D113071D}.Release|Any CPU.Build.0 = Release|Any CPU
		{8604F6CC-C4E1-4C2F-9EC4-BB71D113071D}.Release|x64.ActiveCfg = Release|Any CPU
		{8604F6CC-C4E1-4C2F-9EC4-BB71D113071D}.Release|x64.Build.0 = Release|Any CPU
		{8604F6CC-C4E1-4C2F-9EC4-BB71D113071D}.Release|x86.ActiveCfg = Release|Any CPU
		{8604F6CC-C4E1-4C2F-9EC4-BB71D113071D}.Release|x86.Build.0 = Release|Any CPU
		{7CAEA978-C6C7-4D31-92EE-1F80C3748A15}.Debug|Any CPU.ActiveCfg = Debug|Any CPU
		{7CAEA978-C6C7-4D31-92EE-1F80C3748A15}.Debug|Any CPU.Build.0 = Debug|Any CPU
		{7CAEA978-C6C7-4D31-92EE-1F80C3748A15}.Debug|x64.ActiveCfg = Debug|Any CPU
		{7CAEA978-C6C7-4D31-92EE-1F80C3748A15}.Debug|x64.Build.0 = Debug|Any CPU
		{7CAEA978-C6C7-4D31-92EE-1F80C3748A15}.Debug|x86.ActiveCfg = Debug|Any CPU
		{7CAEA978-C6C7-4D31-92EE-1F80C3748A15}.Debug|x86.Build.0 = Debug|Any CPU
		{7CAEA978-C6C7-4D31-92EE-1F80C3748A15}.Release|Any CPU.ActiveCfg = Release|Any CPU
		{7CAEA978-C6C7-4D31-92EE-1F80C3748A15}.Release|Any CPU.Build.0 = Release|Any CPU
		{7CAEA978-C6C7-4D31-92EE-1F80C3748A15}.Release|x64.ActiveCfg = Release|Any CPU
		{7CAEA978-C6C7-4D31-92EE-1F80C3748A15}.Release|x64.Build.0 = Release|Any CPU
		{7CAEA978-C6C7-4D31-92EE-1F80C3748A15}.Release|x86.ActiveCfg = Release|Any CPU
		{7CAEA978-C6C7-4D31-92EE-1F80C3748A15}.Release|x86.Build.0 = Release|Any CPU
		{E82041E7-4AED-4534-8C1B-55BA0C6A6C0B}.Debug|Any CPU.ActiveCfg = Debug|Any CPU
		{E82041E7-4AED-4534-8C1B-55BA0C6A6C0B}.Debug|Any CPU.Build.0 = Debug|Any CPU
		{E82041E7-4AED-4534-8C1B-55BA0C6A6C0B}.Debug|x64.ActiveCfg = Debug|Any CPU
		{E82041E7-4AED-4534-8C1B-55BA0C6A6C0B}.Debug|x64.Build.0 = Debug|Any CPU
		{E82041E7-4AED-4534-8C1B-55BA0C6A6C0B}.Debug|x86.ActiveCfg = Debug|Any CPU
		{E82041E7-4AED-4534-8C1B-55BA0C6A6C0B}.Debug|x86.Build.0 = Debug|Any CPU
		{E82041E7-4AED-4534-8C1B-55BA0C6A6C0B}.Release|Any CPU.ActiveCfg = Release|Any CPU
		{E82041E7-4AED-4534-8C1B-55BA0C6A6C0B}.Release|Any CPU.Build.0 = Release|Any CPU
		{E82041E7-4AED-4534-8C1B-55BA0C6A6C0B}.Release|x64.ActiveCfg = Release|Any CPU
		{E82041E7-4AED-4534-8C1B-55BA0C6A6C0B}.Release|x64.Build.0 = Release|Any CPU
		{E82041E7-4AED-4534-8C1B-55BA0C6A6C0B}.Release|x86.ActiveCfg = Release|Any CPU
		{E82041E7-4AED-4534-8C1B-55BA0C6A6C0B}.Release|x86.Build.0 = Release|Any CPU
		{C93C62AB-F7B2-4946-892B-A15FF7759103}.Debug|Any CPU.ActiveCfg = Debug|Any CPU
		{C93C62AB-F7B2-4946-892B-A15FF7759103}.Debug|Any CPU.Build.0 = Debug|Any CPU
		{C93C62AB-F7B2-4946-892B-A15FF7759103}.Debug|x64.ActiveCfg = Debug|Any CPU
		{C93C62AB-F7B2-4946-892B-A15FF7759103}.Debug|x64.Build.0 = Debug|Any CPU
		{C93C62AB-F7B2-4946-892B-A15FF7759103}.Debug|x86.ActiveCfg = Debug|Any CPU
		{C93C62AB-F7B2-4946-892B-A15FF7759103}.Debug|x86.Build.0 = Debug|Any CPU
		{C93C62AB-F7B2-4946-892B-A15FF7759103}.Release|Any CPU.ActiveCfg = Release|Any CPU
		{C93C62AB-F7B2-4946-892B-A15FF7759103}.Release|Any CPU.Build.0 = Release|Any CPU
		{C93C62AB-F7B2-4946-892B-A15FF7759103}.Release|x64.ActiveCfg = Release|Any CPU
		{C93C62AB-F7B2-4946-892B-A15FF7759103}.Release|x64.Build.0 = Release|Any CPU
		{C93C62AB-F7B2-4946-892B-A15FF7759103}.Release|x86.ActiveCfg = Release|Any CPU
		{C93C62AB-F7B2-4946-892B-A15FF7759103}.Release|x86.Build.0 = Release|Any CPU
		{B51FE7B2-4BC4-41FD-9308-C562079563A4}.Debug|Any CPU.ActiveCfg = Debug|Any CPU
		{B51FE7B2-4BC4-41FD-9308-C562079563A4}.Debug|Any CPU.Build.0 = Debug|Any CPU
		{B51FE7B2-4BC4-41FD-9308-C562079563A4}.Debug|x64.ActiveCfg = Debug|Any CPU
		{B51FE7B2-4BC4-41FD-9308-C562079563A4}.Debug|x64.Build.0 = Debug|Any CPU
		{B51FE7B2-4BC4-41FD-9308-C562079563A4}.Debug|x86.ActiveCfg = Debug|Any CPU
		{B51FE7B2-4BC4-41FD-9308-C562079563A4}.Debug|x86.Build.0 = Debug|Any CPU
		{B51FE7B2-4BC4-41FD-9308-C562079563A4}.Release|Any CPU.ActiveCfg = Release|Any CPU
		{B51FE7B2-4BC4-41FD-9308-C562079563A4}.Release|Any CPU.Build.0 = Release|Any CPU
		{B51FE7B2-4BC4-41FD-9308-C562079563A4}.Release|x64.ActiveCfg = Release|Any CPU
		{B51FE7B2-4BC4-41FD-9308-C562079563A4}.Release|x64.Build.0 = Release|Any CPU
		{B51FE7B2-4BC4-41FD-9308-C562079563A4}.Release|x86.ActiveCfg = Release|Any CPU
		{B51FE7B2-4BC4-41FD-9308-C562079563A4}.Release|x86.Build.0 = Release|Any CPU
		{15E24CB0-A542-4199-A15C-03E3A5238ABE}.Debug|Any CPU.ActiveCfg = Debug|Any CPU
		{15E24CB0-A542-4199-A15C-03E3A5238ABE}.Debug|Any CPU.Build.0 = Debug|Any CPU
		{15E24CB0-A542-4199-A15C-03E3A5238ABE}.Debug|x64.ActiveCfg = Debug|Any CPU
		{15E24CB0-A542-4199-A15C-03E3A5238ABE}.Debug|x64.Build.0 = Debug|Any CPU
		{15E24CB0-A542-4199-A15C-03E3A5238ABE}.Debug|x86.ActiveCfg = Debug|Any CPU
		{15E24CB0-A542-4199-A15C-03E3A5238ABE}.Debug|x86.Build.0 = Debug|Any CPU
		{15E24CB0-A542-4199-A15C-03E3A5238ABE}.Release|Any CPU.ActiveCfg = Release|Any CPU
		{15E24CB0-A542-4199-A15C-03E3A5238ABE}.Release|Any CPU.Build.0 = Release|Any CPU
		{15E24CB0-A542-4199-A15C-03E3A5238ABE}.Release|x64.ActiveCfg = Release|Any CPU
		{15E24CB0-A542-4199-A15C-03E3A5238ABE}.Release|x64.Build.0 = Release|Any CPU
		{15E24CB0-A542-4199-A15C-03E3A5238ABE}.Release|x86.ActiveCfg = Release|Any CPU
		{15E24CB0-A542-4199-A15C-03E3A5238ABE}.Release|x86.Build.0 = Release|Any CPU
		{ADDD0731-D568-48B1-BB2D-7BCA252F1FB3}.Debug|Any CPU.ActiveCfg = Debug|Any CPU
		{ADDD0731-D568-48B1-BB2D-7BCA252F1FB3}.Debug|Any CPU.Build.0 = Debug|Any CPU
		{ADDD0731-D568-48B1-BB2D-7BCA252F1FB3}.Debug|x64.ActiveCfg = Debug|Any CPU
		{ADDD0731-D568-48B1-BB2D-7BCA252F1FB3}.Debug|x64.Build.0 = Debug|Any CPU
		{ADDD0731-D568-48B1-BB2D-7BCA252F1FB3}.Debug|x86.ActiveCfg = Debug|Any CPU
		{ADDD0731-D568-48B1-BB2D-7BCA252F1FB3}.Debug|x86.Build.0 = Debug|Any CPU
		{ADDD0731-D568-48B1-BB2D-7BCA252F1FB3}.Release|Any CPU.ActiveCfg = Release|Any CPU
		{ADDD0731-D568-48B1-BB2D-7BCA252F1FB3}.Release|Any CPU.Build.0 = Release|Any CPU
		{ADDD0731-D568-48B1-BB2D-7BCA252F1FB3}.Release|x64.ActiveCfg = Release|Any CPU
		{ADDD0731-D568-48B1-BB2D-7BCA252F1FB3}.Release|x64.Build.0 = Release|Any CPU
		{ADDD0731-D568-48B1-BB2D-7BCA252F1FB3}.Release|x86.ActiveCfg = Release|Any CPU
		{ADDD0731-D568-48B1-BB2D-7BCA252F1FB3}.Release|x86.Build.0 = Release|Any CPU
		{26D855EE-C63B-460E-BC52-D6DC3D54FF0C}.Debug|Any CPU.ActiveCfg = Debug|Any CPU
		{26D855EE-C63B-460E-BC52-D6DC3D54FF0C}.Debug|Any CPU.Build.0 = Debug|Any CPU
		{26D855EE-C63B-460E-BC52-D6DC3D54FF0C}.Debug|x64.ActiveCfg = Debug|Any CPU
		{26D855EE-C63B-460E-BC52-D6DC3D54FF0C}.Debug|x64.Build.0 = Debug|Any CPU
		{26D855EE-C63B-460E-BC52-D6DC3D54FF0C}.Debug|x86.ActiveCfg = Debug|Any CPU
		{26D855EE-C63B-460E-BC52-D6DC3D54FF0C}.Debug|x86.Build.0 = Debug|Any CPU
		{26D855EE-C63B-460E-BC52-D6DC3D54FF0C}.Release|Any CPU.ActiveCfg = Release|Any CPU
		{26D855EE-C63B-460E-BC52-D6DC3D54FF0C}.Release|Any CPU.Build.0 = Release|Any CPU
		{26D855EE-C63B-460E-BC52-D6DC3D54FF0C}.Release|x64.ActiveCfg = Release|Any CPU
		{26D855EE-C63B-460E-BC52-D6DC3D54FF0C}.Release|x64.Build.0 = Release|Any CPU
		{26D855EE-C63B-460E-BC52-D6DC3D54FF0C}.Release|x86.ActiveCfg = Release|Any CPU
		{26D855EE-C63B-460E-BC52-D6DC3D54FF0C}.Release|x86.Build.0 = Release|Any CPU
		{93C2E46B-0672-4A1C-B2CF-F98947D46694}.Debug|Any CPU.ActiveCfg = Debug|Any CPU
		{93C2E46B-0672-4A1C-B2CF-F98947D46694}.Debug|Any CPU.Build.0 = Debug|Any CPU
		{93C2E46B-0672-4A1C-B2CF-F98947D46694}.Debug|x64.ActiveCfg = Debug|Any CPU
		{93C2E46B-0672-4A1C-B2CF-F98947D46694}.Debug|x64.Build.0 = Debug|Any CPU
		{93C2E46B-0672-4A1C-B2CF-F98947D46694}.Debug|x86.ActiveCfg = Debug|Any CPU
		{93C2E46B-0672-4A1C-B2CF-F98947D46694}.Debug|x86.Build.0 = Debug|Any CPU
		{93C2E46B-0672-4A1C-B2CF-F98947D46694}.Release|Any CPU.ActiveCfg = Release|Any CPU
		{93C2E46B-0672-4A1C-B2CF-F98947D46694}.Release|Any CPU.Build.0 = Release|Any CPU
		{93C2E46B-0672-4A1C-B2CF-F98947D46694}.Release|x64.ActiveCfg = Release|Any CPU
		{93C2E46B-0672-4A1C-B2CF-F98947D46694}.Release|x64.Build.0 = Release|Any CPU
		{93C2E46B-0672-4A1C-B2CF-F98947D46694}.Release|x86.ActiveCfg = Release|Any CPU
		{93C2E46B-0672-4A1C-B2CF-F98947D46694}.Release|x86.Build.0 = Release|Any CPU
	EndGlobalSection
	GlobalSection(SolutionProperties) = preSolution
		HideSolutionNode = FALSE
	EndGlobalSection
EndGlobal
